
Microsoft Visual Studio Solution File, Format Version 12.00
# Visual Studio Version 16
VisualStudioVersion = 16.0.30711.63
MinimumVisualStudioVersion = 10.0.40219.1
Project("{FAE04EC0-301F-11D3-BF4B-00C04F79EFBC}") = "PyRZyBot 2.0", "PyRZyBot 2.0.csproj", "{D452D16C-519C-4BDF-BC3B-CE306BE470D3}"
EndProject
Global
	GlobalSection(SolutionConfigurationPlatforms) = preSolution
		Debug|Any CPU = Debug|Any CPU
		Release|Any CPU = Release|Any CPU
	EndGlobalSection
	GlobalSection(ProjectConfigurationPlatforms) = postSolution
		{D452D16C-519C-4BDF-BC3B-CE306BE470D3}.Debug|Any CPU.ActiveCfg = Debug|Any CPU
		{D452D16C-519C-4BDF-BC3B-CE306BE470D3}.Debug|Any CPU.Build.0 = Debug|Any CPU
		{D452D16C-519C-4BDF-BC3B-CE306BE470D3}.Release|Any CPU.ActiveCfg = Release|Any CPU
		{D452D16C-519C-4BDF-BC3B-CE306BE470D3}.Release|Any CPU.Build.0 = Release|Any CPU
	EndGlobalSection
	GlobalSection(SolutionProperties) = preSolution
		HideSolutionNode = FALSE
	EndGlobalSection
	GlobalSection(ExtensibilityGlobals) = postSolution
		SolutionGuid = {97745307-52EA-4F09-BF33-F5B742BDB6EB}
	EndGlobalSection
EndGlobal
